
Microsoft Visual Studio Solution File, Format Version 12.00
# Visual Studio Version 16
VisualStudioVersion = 16.0.31829.152
MinimumVisualStudioVersion = 10.0.40219.1
Project("{2150E333-8FDC-42A3-9474-1A3956D46DE8}") = "src", "src", "{5C56F41A-0C4B-45A7-A0C0-A16BD76B86A2}"
EndProject
Project("{2150E333-8FDC-42A3-9474-1A3956D46DE8}") = "1-Doamin", "1-Doamin", "{DD4C4970-E12D-4D3A-9FBC-25E8B5FB4066}"
EndProject
Project("{2150E333-8FDC-42A3-9474-1A3956D46DE8}") = "2-Infra", "2-Infra", "{67CEA638-0190-49F3-8929-64D9122AD179}"
EndProject
Project("{2150E333-8FDC-42A3-9474-1A3956D46DE8}") = "3-EndPoint", "3-EndPoint", "{D2F81027-C842-46FD-AA66-DFFA40F34716}"
EndProject
Project("{9A19103F-16F7-4668-BE54-9A1E7A4F7556}") = "API", "src\3-EndPoint\API\API.csproj", "{D3BF2C30-CC03-471A-8D92-0A4CE007D907}"
EndProject
Project("{2150E333-8FDC-42A3-9474-1A3956D46DE8}") = "Core", "Core", "{606A2641-0584-4CB7-BD80-AD021082E9E7}"
EndProject
Project("{2150E333-8FDC-42A3-9474-1A3956D46DE8}") = "Services", "Services", "{8CF3A56E-B35E-45E9-AEE2-8B9EAC75D63C}"
EndProject
Project("{9A19103F-16F7-4668-BE54-9A1E7A4F7556}") = "Domain.Services", "src\1-Domain\Services\Domain.Services\Domain.Services.csproj", "{1E3A58E9-FA61-4E04-8AF8-25AC4BCC9D63}"
EndProject
Project("{FAE04EC0-301F-11D3-BF4B-00C04F79EFBC}") = "Domain.Core", "src\1-Domain\Core\Domain.Core\Domain.Core.csproj", "{0354807C-7763-4C9B-AA0F-0753D0BA1D0F}"
EndProject
Project("{FAE04EC0-301F-11D3-BF4B-00C04F79EFBC}") = "Domain.AppServices", "src\1-Domain\Services\Domain.AppServices\Domain.AppServices.csproj", "{C11EE83C-0379-4A81-B1B1-8D132BA0D047}"
EndProject
Project("{2150E333-8FDC-42A3-9474-1A3956D46DE8}") = "Cache", "Cache", "{816B4073-C633-41FE-A5BD-1B77082348AE}"
EndProject
Project("{2150E333-8FDC-42A3-9474-1A3956D46DE8}") = "DataAccess", "DataAccess", "{200EB8D1-03CA-4BC5-A73E-B1A366635CA2}"
EndProject
Project("{FAE04EC0-301F-11D3-BF4B-00C04F79EFBC}") = "Infra.Data.Repos", "src\2-Infra\DataAccess\Infra.Data.Repos\Infra.Data.Repos.csproj", "{52F4ABED-D2CD-4A3D-84C4-163FA23CD5B2}"
EndProject
Project("{FAE04EC0-301F-11D3-BF4B-00C04F79EFBC}") = "Infra.Cache.DistributedCache", "src\2-Infra\Cache\Infra.Cache.DistributedCache\Infra.Cache.DistributedCache.csproj", "{DF8E36E5-509D-41D0-A82C-C2362CBD0D58}"
EndProject
Global
	GlobalSection(SolutionConfigurationPlatforms) = preSolution
		Debug|Any CPU = Debug|Any CPU
		Release|Any CPU = Release|Any CPU
	EndGlobalSection
	GlobalSection(ProjectConfigurationPlatforms) = postSolution
		{D3BF2C30-CC03-471A-8D92-0A4CE007D907}.Debug|Any CPU.ActiveCfg = Debug|Any CPU
		{D3BF2C30-CC03-471A-8D92-0A4CE007D907}.Debug|Any CPU.Build.0 = Debug|Any CPU
		{D3BF2C30-CC03-471A-8D92-0A4CE007D907}.Release|Any CPU.ActiveCfg = Release|Any CPU
		{D3BF2C30-CC03-471A-8D92-0A4CE007D907}.Release|Any CPU.Build.0 = Release|Any CPU
		{1E3A58E9-FA61-4E04-8AF8-25AC4BCC9D63}.Debug|Any CPU.ActiveCfg = Debug|Any CPU
		{1E3A58E9-FA61-4E04-8AF8-25AC4BCC9D63}.Debug|Any CPU.Build.0 = Debug|Any CPU
		{1E3A58E9-FA61-4E04-8AF8-25AC4BCC9D63}.Release|Any CPU.ActiveCfg = Release|Any CPU
		{1E3A58E9-FA61-4E04-8AF8-25AC4BCC9D63}.Release|Any CPU.Build.0 = Release|Any CPU
		{0354807C-7763-4C9B-AA0F-0753D0BA1D0F}.Debug|Any CPU.ActiveCfg = Debug|Any CPU
		{0354807C-7763-4C9B-AA0F-0753D0BA1D0F}.Debug|Any CPU.Build.0 = Debug|Any CPU
		{0354807C-7763-4C9B-AA0F-0753D0BA1D0F}.Release|Any CPU.ActiveCfg = Release|Any CPU
		{0354807C-7763-4C9B-AA0F-0753D0BA1D0F}.Release|Any CPU.Build.0 = Release|Any CPU
		{C11EE83C-0379-4A81-B1B1-8D132BA0D047}.Debug|Any CPU.ActiveCfg = Debug|Any CPU
		{C11EE83C-0379-4A81-B1B1-8D132BA0D047}.Debug|Any CPU.Build.0 = Debug|Any CPU
		{C11EE83C-0379-4A81-B1B1-8D132BA0D047}.Release|Any CPU.ActiveCfg = Release|Any CPU
		{C11EE83C-0379-4A81-B1B1-8D132BA0D047}.Release|Any CPU.Build.0 = Release|Any CPU
		{52F4ABED-D2CD-4A3D-84C4-163FA23CD5B2}.Debug|Any CPU.ActiveCfg = Debug|Any CPU
		{52F4ABED-D2CD-4A3D-84C4-163FA23CD5B2}.Debug|Any CPU.Build.0 = Debug|Any CPU
		{52F4ABED-D2CD-4A3D-84C4-163FA23CD5B2}.Release|Any CPU.ActiveCfg = Release|Any CPU
		{52F4ABED-D2CD-4A3D-84C4-163FA23CD5B2}.Release|Any CPU.Build.0 = Release|Any CPU
		{DF8E36E5-509D-41D0-A82C-C2362CBD0D58}.Debug|Any CPU.ActiveCfg = Debug|Any CPU
		{DF8E36E5-509D-41D0-A82C-C2362CBD0D58}.Debug|Any CPU.Build.0 = Debug|Any CPU
		{DF8E36E5-509D-41D0-A82C-C2362CBD0D58}.Release|Any CPU.ActiveCfg = Release|Any CPU
		{DF8E36E5-509D-41D0-A82C-C2362CBD0D58}.Release|Any CPU.Build.0 = Release|Any CPU
	EndGlobalSection
	GlobalSection(SolutionProperties) = preSolution
		HideSolutionNode = FALSE
	EndGlobalSection
	GlobalSection(NestedProjects) = preSolution
		{DD4C4970-E12D-4D3A-9FBC-25E8B5FB4066} = {5C56F41A-0C4B-45A7-A0C0-A16BD76B86A2}
		{67CEA638-0190-49F3-8929-64D9122AD179} = {5C56F41A-0C4B-45A7-A0C0-A16BD76B86A2}
		{D2F81027-C842-46FD-AA66-DFFA40F34716} = {5C56F41A-0C4B-45A7-A0C0-A16BD76B86A2}
		{D3BF2C30-CC03-471A-8D92-0A4CE007D907} = {D2F81027-C842-46FD-AA66-DFFA40F34716}
		{606A2641-0584-4CB7-BD80-AD021082E9E7} = {DD4C4970-E12D-4D3A-9FBC-25E8B5FB4066}
		{8CF3A56E-B35E-45E9-AEE2-8B9EAC75D63C} = {DD4C4970-E12D-4D3A-9FBC-25E8B5FB4066}
		{1E3A58E9-FA61-4E04-8AF8-25AC4BCC9D63} = {8CF3A56E-B35E-45E9-AEE2-8B9EAC75D63C}
		{0354807C-7763-4C9B-AA0F-0753D0BA1D0F} = {606A2641-0584-4CB7-BD80-AD021082E9E7}
		{C11EE83C-0379-4A81-B1B1-8D132BA0D047} = {8CF3A56E-B35E-45E9-AEE2-8B9EAC75D63C}
		{816B4073-C633-41FE-A5BD-1B77082348AE} = {67CEA638-0190-49F3-8929-64D9122AD179}
		{200EB8D1-03CA-4BC5-A73E-B1A366635CA2} = {67CEA638-0190-49F3-8929-64D9122AD179}
		{52F4ABED-D2CD-4A3D-84C4-163FA23CD5B2} = {200EB8D1-03CA-4BC5-A73E-B1A366635CA2}
		{DF8E36E5-509D-41D0-A82C-C2362CBD0D58} = {816B4073-C633-41FE-A5BD-1B77082348AE}
	EndGlobalSection
	GlobalSection(ExtensibilityGlobals) = postSolution
		SolutionGuid = {3E00738D-22F4-4D90-90E0-F14BA65158BF}
	EndGlobalSection
EndGlobal
